
Microsoft Visual Studio Solution File, Format Version 12.00
# Visual Studio Version 17
VisualStudioVersion = 17.2.32516.85
MinimumVisualStudioVersion = 10.0.40219.1
Project("{9A19103F-16F7-4668-BE54-9A1E7A4F7556}") = "WepApiProject", "WepApiProject\WepApiProject.csproj", "{F93C370A-4487-4E4E-868C-D3842220CD20}"
EndProject
Project("{FAE04EC0-301F-11D3-BF4B-00C04F79EFBC}") = "TestPokeApi", "TestPokeApi\TestPokeApi.csproj", "{BC56D5DE-BBA9-4680-90A8-DDE02096CBCE}"
EndProject
Global
	GlobalSection(SolutionConfigurationPlatforms) = preSolution
		Debug|Any CPU = Debug|Any CPU
		Release|Any CPU = Release|Any CPU
	EndGlobalSection
	GlobalSection(ProjectConfigurationPlatforms) = postSolution
		{F93C370A-4487-4E4E-868C-D3842220CD20}.Debug|Any CPU.ActiveCfg = Debug|Any CPU
		{F93C370A-4487-4E4E-868C-D3842220CD20}.Debug|Any CPU.Build.0 = Debug|Any CPU
		{F93C370A-4487-4E4E-868C-D3842220CD20}.Release|Any CPU.ActiveCfg = Release|Any CPU
		{F93C370A-4487-4E4E-868C-D3842220CD20}.Release|Any CPU.Build.0 = Release|Any CPU
		{BC56D5DE-BBA9-4680-90A8-DDE02096CBCE}.Debug|Any CPU.ActiveCfg = Debug|Any CPU
		{BC56D5DE-BBA9-4680-90A8-DDE02096CBCE}.Debug|Any CPU.Build.0 = Debug|Any CPU
		{BC56D5DE-BBA9-4680-90A8-DDE02096CBCE}.Release|Any CPU.ActiveCfg = Release|Any CPU
		{BC56D5DE-BBA9-4680-90A8-DDE02096CBCE}.Release|Any CPU.Build.0 = Release|Any CPU
	EndGlobalSection
	GlobalSection(SolutionProperties) = preSolution
		HideSolutionNode = FALSE
	EndGlobalSection
	GlobalSection(ExtensibilityGlobals) = postSolution
		SolutionGuid = {BFFDFDF2-B437-45C7-89FA-E2DA13314C60}
	EndGlobalSection
EndGlobal
